// !$*UTF8*$!
{
	archiveVersion = 1;
	classes = {
	};
	objectVersion = 50;
	objects = {

/* Begin PBXBuildFile section */
		DB74DC7E247C7D3200C238C1 /* UIHelper.swift in Sources */ = {isa = PBXBuildFile; fileRef = DB74DC7D247C7D3200C238C1 /* UIHelper.swift */; };
		DB80090E246D37CD006FB439 /* AppDelegate.swift in Sources */ = {isa = PBXBuildFile; fileRef = DB80090D246D37CD006FB439 /* AppDelegate.swift */; };
		DB800910246D37CD006FB439 /* SceneDelegate.swift in Sources */ = {isa = PBXBuildFile; fileRef = DB80090F246D37CD006FB439 /* SceneDelegate.swift */; };
		DB800917246D37CE006FB439 /* Assets.xcassets in Resources */ = {isa = PBXBuildFile; fileRef = DB800916246D37CE006FB439 /* Assets.xcassets */; };
		DB80091A246D37CE006FB439 /* LaunchScreen.storyboard in Resources */ = {isa = PBXBuildFile; fileRef = DB800918246D37CE006FB439 /* LaunchScreen.storyboard */; };
		DB800922246D3960006FB439 /* SearchVC.swift in Sources */ = {isa = PBXBuildFile; fileRef = DB800921246D3960006FB439 /* SearchVC.swift */; };
		DB800926246D3C1C006FB439 /* FavoriteListVC.swift in Sources */ = {isa = PBXBuildFile; fileRef = DB800925246D3C1C006FB439 /* FavoriteListVC.swift */; };
		DBA7C5CB2470AC0600799F97 /* GFButton.swift in Sources */ = {isa = PBXBuildFile; fileRef = DBA7C5CA2470AC0600799F97 /* GFButton.swift */; };
		DBA7C5CD2470B04400799F97 /* GFTextField.swift in Sources */ = {isa = PBXBuildFile; fileRef = DBA7C5CC2470B04400799F97 /* GFTextField.swift */; };
		DBA7C5CF24714FCE00799F97 /* FollowersListVC.swift in Sources */ = {isa = PBXBuildFile; fileRef = DBA7C5CE24714FCE00799F97 /* FollowersListVC.swift */; };
		DBA7C5D1247155B700799F97 /* GFTitleLabel.swift in Sources */ = {isa = PBXBuildFile; fileRef = DBA7C5D0247155B700799F97 /* GFTitleLabel.swift */; };
		DBA7C5D32471575C00799F97 /* GFBodyLabel.swift in Sources */ = {isa = PBXBuildFile; fileRef = DBA7C5D22471575C00799F97 /* GFBodyLabel.swift */; };
		DBA7C5D52471581600799F97 /* GFAlertVC.swift in Sources */ = {isa = PBXBuildFile; fileRef = DBA7C5D42471581600799F97 /* GFAlertVC.swift */; };
		DBA7C5D724715F0300799F97 /* UIViewController+Ext.swift in Sources */ = {isa = PBXBuildFile; fileRef = DBA7C5D624715F0300799F97 /* UIViewController+Ext.swift */; };
		DBA7C5E0247182F800799F97 /* Follower.swift in Sources */ = {isa = PBXBuildFile; fileRef = DBA7C5DF247182F800799F97 /* Follower.swift */; };
		DBA7C5E2247183DB00799F97 /* User.swift in Sources */ = {isa = PBXBuildFile; fileRef = DBA7C5E1247183DB00799F97 /* User.swift */; };
		DBA7C5E52471886900799F97 /* NetworkManager.swift in Sources */ = {isa = PBXBuildFile; fileRef = DBA7C5E42471886900799F97 /* NetworkManager.swift */; };
		DBA7C5E8247195F200799F97 /* GFError.swift in Sources */ = {isa = PBXBuildFile; fileRef = DBA7C5E7247195F200799F97 /* GFError.swift */; };
		DBA7C5EB24739D4B00799F97 /* FollowerCell.swift in Sources */ = {isa = PBXBuildFile; fileRef = DBA7C5EA24739D4B00799F97 /* FollowerCell.swift */; };
		DBA7C5ED24739E5600799F97 /* GFAvatarImageView.swift in Sources */ = {isa = PBXBuildFile; fileRef = DBA7C5EC24739E5600799F97 /* GFAvatarImageView.swift */; };
/* End PBXBuildFile section */

/* Begin PBXFileReference section */
		DB74DC7D247C7D3200C238C1 /* UIHelper.swift */ = {isa = PBXFileReference; lastKnownFileType = sourcecode.swift; path = UIHelper.swift; sourceTree = "<group>"; };
		DB80090A246D37CD006FB439 /* GHFollowers.app */ = {isa = PBXFileReference; explicitFileType = wrapper.application; includeInIndex = 0; path = GHFollowers.app; sourceTree = BUILT_PRODUCTS_DIR; };
		DB80090D246D37CD006FB439 /* AppDelegate.swift */ = {isa = PBXFileReference; lastKnownFileType = sourcecode.swift; path = AppDelegate.swift; sourceTree = "<group>"; };
		DB80090F246D37CD006FB439 /* SceneDelegate.swift */ = {isa = PBXFileReference; lastKnownFileType = sourcecode.swift; path = SceneDelegate.swift; sourceTree = "<group>"; };
		DB800916246D37CE006FB439 /* Assets.xcassets */ = {isa = PBXFileReference; lastKnownFileType = folder.assetcatalog; path = Assets.xcassets; sourceTree = "<group>"; };
		DB800919246D37CE006FB439 /* Base */ = {isa = PBXFileReference; lastKnownFileType = file.storyboard; name = Base; path = Base.lproj/LaunchScreen.storyboard; sourceTree = "<group>"; };
		DB80091B246D37CE006FB439 /* Info.plist */ = {isa = PBXFileReference; lastKnownFileType = text.plist.xml; path = Info.plist; sourceTree = "<group>"; };
		DB800921246D3960006FB439 /* SearchVC.swift */ = {isa = PBXFileReference; lastKnownFileType = sourcecode.swift; path = SearchVC.swift; sourceTree = "<group>"; };
		DB800925246D3C1C006FB439 /* FavoriteListVC.swift */ = {isa = PBXFileReference; lastKnownFileType = sourcecode.swift; path = FavoriteListVC.swift; sourceTree = "<group>"; };
		DBA7C5CA2470AC0600799F97 /* GFButton.swift */ = {isa = PBXFileReference; lastKnownFileType = sourcecode.swift; path = GFButton.swift; sourceTree = "<group>"; };
		DBA7C5CC2470B04400799F97 /* GFTextField.swift */ = {isa = PBXFileReference; lastKnownFileType = sourcecode.swift; path = GFTextField.swift; sourceTree = "<group>"; };
		DBA7C5CE24714FCE00799F97 /* FollowersListVC.swift */ = {isa = PBXFileReference; lastKnownFileType = sourcecode.swift; path = FollowersListVC.swift; sourceTree = "<group>"; };
		DBA7C5D0247155B700799F97 /* GFTitleLabel.swift */ = {isa = PBXFileReference; lastKnownFileType = sourcecode.swift; path = GFTitleLabel.swift; sourceTree = "<group>"; };
		DBA7C5D22471575C00799F97 /* GFBodyLabel.swift */ = {isa = PBXFileReference; lastKnownFileType = sourcecode.swift; path = GFBodyLabel.swift; sourceTree = "<group>"; };
		DBA7C5D42471581600799F97 /* GFAlertVC.swift */ = {isa = PBXFileReference; lastKnownFileType = sourcecode.swift; path = GFAlertVC.swift; sourceTree = "<group>"; };
		DBA7C5D624715F0300799F97 /* UIViewController+Ext.swift */ = {isa = PBXFileReference; lastKnownFileType = sourcecode.swift; path = "UIViewController+Ext.swift"; sourceTree = "<group>"; };
		DBA7C5DF247182F800799F97 /* Follower.swift */ = {isa = PBXFileReference; lastKnownFileType = sourcecode.swift; path = Follower.swift; sourceTree = "<group>"; };
		DBA7C5E1247183DB00799F97 /* User.swift */ = {isa = PBXFileReference; lastKnownFileType = sourcecode.swift; path = User.swift; sourceTree = "<group>"; };
		DBA7C5E42471886900799F97 /* NetworkManager.swift */ = {isa = PBXFileReference; lastKnownFileType = sourcecode.swift; path = NetworkManager.swift; sourceTree = "<group>"; };
		DBA7C5E7247195F200799F97 /* GFError.swift */ = {isa = PBXFileReference; lastKnownFileType = sourcecode.swift; path = GFError.swift; sourceTree = "<group>"; };
		DBA7C5EA24739D4B00799F97 /* FollowerCell.swift */ = {isa = PBXFileReference; lastKnownFileType = sourcecode.swift; path = FollowerCell.swift; sourceTree = "<group>"; };
		DBA7C5EC24739E5600799F97 /* GFAvatarImageView.swift */ = {isa = PBXFileReference; lastKnownFileType = sourcecode.swift; path = GFAvatarImageView.swift; sourceTree = "<group>"; };
/* End PBXFileReference section */

/* Begin PBXFrameworksBuildPhase section */
		DB800907246D37CD006FB439 /* Frameworks */ = {
			isa = PBXFrameworksBuildPhase;
			buildActionMask = 2147483647;
			files = (
			);
			runOnlyForDeploymentPostprocessing = 0;
		};
/* End PBXFrameworksBuildPhase section */

/* Begin PBXGroup section */
		DB800901246D37CD006FB439 = {
			isa = PBXGroup;
			children = (
				DB80090C246D37CD006FB439 /* GHFollowers */,
				DB80090B246D37CD006FB439 /* Products */,
			);
			sourceTree = "<group>";
		};
		DB80090B246D37CD006FB439 /* Products */ = {
			isa = PBXGroup;
			children = (
				DB80090A246D37CD006FB439 /* GHFollowers.app */,
			);
			name = Products;
			sourceTree = "<group>";
		};
		DB80090C246D37CD006FB439 /* GHFollowers */ = {
			isa = PBXGroup;
			children = (
				DB80091B246D37CE006FB439 /* Info.plist */,
				DBA7C5E6247195DD00799F97 /* Utilities */,
				DBA7C5E32471884600799F97 /* Managers */,
				DBA7C5DE247182DC00799F97 /* Model */,
				DBA7C5DB2471689500799F97 /* Support */,
				DBA7C5DA2471682500799F97 /* Extensions */,
				DBA7C5D9247167F100799F97 /* CustomViews */,
				DBA7C5D8247167CA00799F97 /* Screens */,
			);
			path = GHFollowers;
			sourceTree = "<group>";
		};
		DBA7C5D8247167CA00799F97 /* Screens */ = {
			isa = PBXGroup;
			children = (
				DB800925246D3C1C006FB439 /* FavoriteListVC.swift */,
				DBA7C5CE24714FCE00799F97 /* FollowersListVC.swift */,
				DB800921246D3960006FB439 /* SearchVC.swift */,
			);
			path = Screens;
			sourceTree = "<group>";
		};
		DBA7C5D9247167F100799F97 /* CustomViews */ = {
			isa = PBXGroup;
			children = (
				DBA7C5E924739D0E00799F97 /* Cells */,
				DBA7C5D0247155B700799F97 /* GFTitleLabel.swift */,
				DBA7C5CA2470AC0600799F97 /* GFButton.swift */,
				DBA7C5CC2470B04400799F97 /* GFTextField.swift */,
				DBA7C5D22471575C00799F97 /* GFBodyLabel.swift */,
				DBA7C5D42471581600799F97 /* GFAlertVC.swift */,
				DBA7C5EC24739E5600799F97 /* GFAvatarImageView.swift */,
			);
			path = CustomViews;
			sourceTree = "<group>";
		};
		DBA7C5DA2471682500799F97 /* Extensions */ = {
			isa = PBXGroup;
			children = (
				DBA7C5D624715F0300799F97 /* UIViewController+Ext.swift */,
			);
			path = Extensions;
			sourceTree = "<group>";
		};
		DBA7C5DB2471689500799F97 /* Support */ = {
			isa = PBXGroup;
			children = (
				DB80090D246D37CD006FB439 /* AppDelegate.swift */,
				DB80090F246D37CD006FB439 /* SceneDelegate.swift */,
				DB800916246D37CE006FB439 /* Assets.xcassets */,
				DB800918246D37CE006FB439 /* LaunchScreen.storyboard */,
			);
			path = Support;
			sourceTree = "<group>";
		};
		DBA7C5DE247182DC00799F97 /* Model */ = {
			isa = PBXGroup;
			children = (
				DBA7C5DF247182F800799F97 /* Follower.swift */,
				DBA7C5E1247183DB00799F97 /* User.swift */,
			);
			path = Model;
			sourceTree = "<group>";
		};
		DBA7C5E32471884600799F97 /* Managers */ = {
			isa = PBXGroup;
			children = (
				DBA7C5E42471886900799F97 /* NetworkManager.swift */,
			);
			path = Managers;
			sourceTree = "<group>";
		};
		DBA7C5E6247195DD00799F97 /* Utilities */ = {
			isa = PBXGroup;
			children = (
				DBA7C5E7247195F200799F97 /* GFError.swift */,
				DB74DC7D247C7D3200C238C1 /* UIHelper.swift */,
			);
			path = Utilities;
			sourceTree = "<group>";
		};
		DBA7C5E924739D0E00799F97 /* Cells */ = {
			isa = PBXGroup;
			children = (
				DBA7C5EA24739D4B00799F97 /* FollowerCell.swift */,
			);
			path = Cells;
			sourceTree = "<group>";
		};
/* End PBXGroup section */

/* Begin PBXNativeTarget section */
		DB800909246D37CD006FB439 /* GHFollowers */ = {
			isa = PBXNativeTarget;
			buildConfigurationList = DB80091E246D37CE006FB439 /* Build configuration list for PBXNativeTarget "GHFollowers" */;
			buildPhases = (
				DB800906246D37CD006FB439 /* Sources */,
				DB800907246D37CD006FB439 /* Frameworks */,
				DB800908246D37CD006FB439 /* Resources */,
			);
			buildRules = (
			);
			dependencies = (
			);
			name = GHFollowers;
			productName = GHFollowers;
			productReference = DB80090A246D37CD006FB439 /* GHFollowers.app */;
			productType = "com.apple.product-type.application";
		};
/* End PBXNativeTarget section */

/* Begin PBXProject section */
		DB800902246D37CD006FB439 /* Project object */ = {
			isa = PBXProject;
			attributes = {
				LastSwiftUpdateCheck = 1120;
				LastUpgradeCheck = 1120;
				ORGANIZATIONNAME = fiifi_gh;
				TargetAttributes = {
					DB800909246D37CD006FB439 = {
						CreatedOnToolsVersion = 11.2.1;
					};
				};
			};
			buildConfigurationList = DB800905246D37CD006FB439 /* Build configuration list for PBXProject "GHFollowers" */;
			compatibilityVersion = "Xcode 9.3";
			developmentRegion = en;
			hasScannedForEncodings = 0;
			knownRegions = (
				en,
				Base,
			);
			mainGroup = DB800901246D37CD006FB439;
			productRefGroup = DB80090B246D37CD006FB439 /* Products */;
			projectDirPath = "";
			projectRoot = "";
			targets = (
				DB800909246D37CD006FB439 /* GHFollowers */,
			);
		};
/* End PBXProject section */

/* Begin PBXResourcesBuildPhase section */
		DB800908246D37CD006FB439 /* Resources */ = {
			isa = PBXResourcesBuildPhase;
			buildActionMask = 2147483647;
			files = (
				DB80091A246D37CE006FB439 /* LaunchScreen.storyboard in Resources */,
				DB800917246D37CE006FB439 /* Assets.xcassets in Resources */,
			);
			runOnlyForDeploymentPostprocessing = 0;
		};
/* End PBXResourcesBuildPhase section */

/* Begin PBXSourcesBuildPhase section */
		DB800906246D37CD006FB439 /* Sources */ = {
			isa = PBXSourcesBuildPhase;
			buildActionMask = 2147483647;
			files = (
				DBA7C5E2247183DB00799F97 /* User.swift in Sources */,
				DBA7C5CD2470B04400799F97 /* GFTextField.swift in Sources */,
				DBA7C5CF24714FCE00799F97 /* FollowersListVC.swift in Sources */,
				DB800926246D3C1C006FB439 /* FavoriteListVC.swift in Sources */,
				DBA7C5D724715F0300799F97 /* UIViewController+Ext.swift in Sources */,
				DB74DC7E247C7D3200C238C1 /* UIHelper.swift in Sources */,
				DBA7C5ED24739E5600799F97 /* GFAvatarImageView.swift in Sources */,
				DBA7C5CB2470AC0600799F97 /* GFButton.swift in Sources */,
				DBA7C5D52471581600799F97 /* GFAlertVC.swift in Sources */,
				DBA7C5EB24739D4B00799F97 /* FollowerCell.swift in Sources */,
				DBA7C5E8247195F200799F97 /* GFError.swift in Sources */,
				DBA7C5D32471575C00799F97 /* GFBodyLabel.swift in Sources */,
				DBA7C5E0247182F800799F97 /* Follower.swift in Sources */,
				DBA7C5D1247155B700799F97 /* GFTitleLabel.swift in Sources */,
				DBA7C5E52471886900799F97 /* NetworkManager.swift in Sources */,
				DB800922246D3960006FB439 /* SearchVC.swift in Sources */,
				DB80090E246D37CD006FB439 /* AppDelegate.swift in Sources */,
				DB800910246D37CD006FB439 /* SceneDelegate.swift in Sources */,
			);
			runOnlyForDeploymentPostprocessing = 0;
		};
/* End PBXSourcesBuildPhase section */

/* Begin PBXVariantGroup section */
		DB800918246D37CE006FB439 /* LaunchScreen.storyboard */ = {
			isa = PBXVariantGroup;
			children = (
				DB800919246D37CE006FB439 /* Base */,
			);
			name = LaunchScreen.storyboard;
			sourceTree = "<group>";
		};
/* End PBXVariantGroup section */

/* Begin XCBuildConfiguration section */
		DB80091C246D37CE006FB439 /* Debug */ = {
			isa = XCBuildConfiguration;
			buildSettings = {
				ALWAYS_SEARCH_USER_PATHS = NO;
				CLANG_ANALYZER_NONNULL = YES;
				CLANG_ANALYZER_NUMBER_OBJECT_CONVERSION = YES_AGGRESSIVE;
				CLANG_CXX_LANGUAGE_STANDARD = "gnu++14";
				CLANG_CXX_LIBRARY = "libc++";
				CLANG_ENABLE_MODULES = YES;
				CLANG_ENABLE_OBJC_ARC = YES;
				CLANG_ENABLE_OBJC_WEAK = YES;
				CLANG_WARN_BLOCK_CAPTURE_AUTORELEASING = YES;
				CLANG_WARN_BOOL_CONVERSION = YES;
				CLANG_WARN_COMMA = YES;
				CLANG_WARN_CONSTANT_CONVERSION = YES;
				CLANG_WARN_DEPRECATED_OBJC_IMPLEMENTATIONS = YES;
				CLANG_WARN_DIRECT_OBJC_ISA_USAGE = YES_ERROR;
				CLANG_WARN_DOCUMENTATION_COMMENTS = YES;
				CLANG_WARN_EMPTY_BODY = YES;
				CLANG_WARN_ENUM_CONVERSION = YES;
				CLANG_WARN_INFINITE_RECURSION = YES;
				CLANG_WARN_INT_CONVERSION = YES;
				CLANG_WARN_NON_LITERAL_NULL_CONVERSION = YES;
				CLANG_WARN_OBJC_IMPLICIT_RETAIN_SELF = YES;
				CLANG_WARN_OBJC_LITERAL_CONVERSION = YES;
				CLANG_WARN_OBJC_ROOT_CLASS = YES_ERROR;
				CLANG_WARN_RANGE_LOOP_ANALYSIS = YES;
				CLANG_WARN_STRICT_PROTOTYPES = YES;
				CLANG_WARN_SUSPICIOUS_MOVE = YES;
				CLANG_WARN_UNGUARDED_AVAILABILITY = YES_AGGRESSIVE;
				CLANG_WARN_UNREACHABLE_CODE = YES;
				CLANG_WARN__DUPLICATE_METHOD_MATCH = YES;
				COPY_PHASE_STRIP = NO;
				DEBUG_INFORMATION_FORMAT = dwarf;
				ENABLE_STRICT_OBJC_MSGSEND = YES;
				ENABLE_TESTABILITY = YES;
				GCC_C_LANGUAGE_STANDARD = gnu11;
				GCC_DYNAMIC_NO_PIC = NO;
				GCC_NO_COMMON_BLOCKS = YES;
				GCC_OPTIMIZATION_LEVEL = 0;
				GCC_PREPROCESSOR_DEFINITIONS = (
					"DEBUG=1",
					"$(inherited)",
				);
				GCC_WARN_64_TO_32_BIT_CONVERSION = YES;
				GCC_WARN_ABOUT_RETURN_TYPE = YES_ERROR;
				GCC_WARN_UNDECLARED_SELECTOR = YES;
				GCC_WARN_UNINITIALIZED_AUTOS = YES_AGGRESSIVE;
				GCC_WARN_UNUSED_FUNCTION = YES;
				GCC_WARN_UNUSED_VARIABLE = YES;
				IPHONEOS_DEPLOYMENT_TARGET = 13.2;
				MTL_ENABLE_DEBUG_INFO = INCLUDE_SOURCE;
				MTL_FAST_MATH = YES;
				ONLY_ACTIVE_ARCH = YES;
				SDKROOT = iphoneos;
				SWIFT_ACTIVE_COMPILATION_CONDITIONS = DEBUG;
				SWIFT_OPTIMIZATION_LEVEL = "-Onone";
			};
			name = Debug;
		};
		DB80091D246D37CE006FB439 /* Release */ = {
			isa = XCBuildConfiguration;
			buildSettings = {
				ALWAYS_SEARCH_USER_PATHS = NO;
				CLANG_ANALYZER_NONNULL = YES;
				CLANG_ANALYZER_NUMBER_OBJECT_CONVERSION = YES_AGGRESSIVE;
				CLANG_CXX_LANGUAGE_STANDARD = "gnu++14";
				CLANG_CXX_LIBRARY = "libc++";
				CLANG_ENABLE_MODULES = YES;
				CLANG_ENABLE_OBJC_ARC = YES;
				CLANG_ENABLE_OBJC_WEAK = YES;
				CLANG_WARN_BLOCK_CAPTURE_AUTORELEASING = YES;
				CLANG_WARN_BOOL_CONVERSION = YES;
				CLANG_WARN_COMMA = YES;
				CLANG_WARN_CONSTANT_CONVERSION = YES;
				CLANG_WARN_DEPRECATED_OBJC_IMPLEMENTATIONS = YES;
				CLANG_WARN_DIRECT_OBJC_ISA_USAGE = YES_ERROR;
				CLANG_WARN_DOCUMENTATION_COMMENTS = YES;
				CLANG_WARN_EMPTY_BODY = YES;
				CLANG_WARN_ENUM_CONVERSION = YES;
				CLANG_WARN_INFINITE_RECURSION = YES;
				CLANG_WARN_INT_CONVERSION = YES;
				CLANG_WARN_NON_LITERAL_NULL_CONVERSION = YES;
				CLANG_WARN_OBJC_IMPLICIT_RETAIN_SELF = YES;
				CLANG_WARN_OBJC_LITERAL_CONVERSION = YES;
				CLANG_WARN_OBJC_ROOT_CLASS = YES_ERROR;
				CLANG_WARN_RANGE_LOOP_ANALYSIS = YES;
				CLANG_WARN_STRICT_PROTOTYPES = YES;
				CLANG_WARN_SUSPICIOUS_MOVE = YES;
				CLANG_WARN_UNGUARDED_AVAILABILITY = YES_AGGRESSIVE;
				CLANG_WARN_UNREACHABLE_CODE = YES;
				CLANG_WARN__DUPLICATE_METHOD_MATCH = YES;
				COPY_PHASE_STRIP = NO;
				DEBUG_INFORMATION_FORMAT = "dwarf-with-dsym";
				ENABLE_NS_ASSERTIONS = NO;
				ENABLE_STRICT_OBJC_MSGSEND = YES;
				GCC_C_LANGUAGE_STANDARD = gnu11;
				GCC_NO_COMMON_BLOCKS = YES;
				GCC_WARN_64_TO_32_BIT_CONVERSION = YES;
				GCC_WARN_ABOUT_RETURN_TYPE = YES_ERROR;
				GCC_WARN_UNDECLARED_SELECTOR = YES;
				GCC_WARN_UNINITIALIZED_AUTOS = YES_AGGRESSIVE;
				GCC_WARN_UNUSED_FUNCTION = YES;
				GCC_WARN_UNUSED_VARIABLE = YES;
				IPHONEOS_DEPLOYMENT_TARGET = 13.2;
				MTL_ENABLE_DEBUG_INFO = NO;
				MTL_FAST_MATH = YES;
				SDKROOT = iphoneos;
				SWIFT_COMPILATION_MODE = wholemodule;
				SWIFT_OPTIMIZATION_LEVEL = "-O";
				VALIDATE_PRODUCT = YES;
			};
			name = Release;
		};
		DB80091F246D37CE006FB439 /* Debug */ = {
			isa = XCBuildConfiguration;
			buildSettings = {
				ASSETCATALOG_COMPILER_APPICON_NAME = AppIcon;
				CODE_SIGN_STYLE = Automatic;
				DEVELOPMENT_TEAM = WMC779X7J9;
				INFOPLIST_FILE = GHFollowers/Info.plist;
				LD_RUNPATH_SEARCH_PATHS = (
					"$(inherited)",
					"@executable_path/Frameworks",
				);
				PRODUCT_BUNDLE_IDENTIFIER = "com.fiifi-gh.GHFollowers";
				PRODUCT_NAME = "$(TARGET_NAME)";
				SWIFT_VERSION = 5.0;
				TARGETED_DEVICE_FAMILY = 1;
			};
			name = Debug;
		};
		DB800920246D37CE006FB439 /* Release */ = {
			isa = XCBuildConfiguration;
			buildSettings = {
				ASSETCATALOG_COMPILER_APPICON_NAME = AppIcon;
				CODE_SIGN_STYLE = Automatic;
				DEVELOPMENT_TEAM = WMC779X7J9;
				INFOPLIST_FILE = GHFollowers/Info.plist;
				LD_RUNPATH_SEARCH_PATHS = (
					"$(inherited)",
					"@executable_path/Frameworks",
				);
				PRODUCT_BUNDLE_IDENTIFIER = "com.fiifi-gh.GHFollowers";
				PRODUCT_NAME = "$(TARGET_NAME)";
				SWIFT_VERSION = 5.0;
				TARGETED_DEVICE_FAMILY = 1;
			};
			name = Release;
		};
/* End XCBuildConfiguration section */

/* Begin XCConfigurationList section */
		DB800905246D37CD006FB439 /* Build configuration list for PBXProject "GHFollowers" */ = {
			isa = XCConfigurationList;
			buildConfigurations = (
				DB80091C246D37CE006FB439 /* Debug */,
				DB80091D246D37CE006FB439 /* Release */,
			);
			defaultConfigurationIsVisible = 0;
			defaultConfigurationName = Release;
		};
		DB80091E246D37CE006FB439 /* Build configuration list for PBXNativeTarget "GHFollowers" */ = {
			isa = XCConfigurationList;
			buildConfigurations = (
				DB80091F246D37CE006FB439 /* Debug */,
				DB800920246D37CE006FB439 /* Release */,
			);
			defaultConfigurationIsVisible = 0;
			defaultConfigurationName = Release;
		};
/* End XCConfigurationList section */
	};
	rootObject = DB800902246D37CD006FB439 /* Project object */;
}
